
Microsoft Visual Studio Solution File, Format Version 12.00
# Visual Studio 15
VisualStudioVersion = 15.0.28010.2050
MinimumVisualStudioVersion = 10.0.40219.1
Project("{FAE04EC0-301F-11D3-BF4B-00C04F79EFBC}") = "ev-sa task", "ev-sa task\ev-sa task.csproj", "{89D47D75-0691-4742-BDD1-133BF220CB5C}"
EndProject
Global
	GlobalSection(SolutionConfigurationPlatforms) = preSolution
		Debug|Any CPU = Debug|Any CPU
		Release|Any CPU = Release|Any CPU
	EndGlobalSection
	GlobalSection(ProjectConfigurationPlatforms) = postSolution
		{89D47D75-0691-4742-BDD1-133BF220CB5C}.Debug|Any CPU.ActiveCfg = Debug|Any CPU
		{89D47D75-0691-4742-BDD1-133BF220CB5C}.Debug|Any CPU.Build.0 = Debug|Any CPU
		{89D47D75-0691-4742-BDD1-133BF220CB5C}.Release|Any CPU.ActiveCfg = Release|Any CPU
		{89D47D75-0691-4742-BDD1-133BF220CB5C}.Release|Any CPU.Build.0 = Release|Any CPU
	EndGlobalSection
	GlobalSection(SolutionProperties) = preSolution
		HideSolutionNode = FALSE
	EndGlobalSection
	GlobalSection(ExtensibilityGlobals) = postSolution
		SolutionGuid = {F08F2AE6-AC9E-4EAE-B55D-78290959FEAC}
	EndGlobalSection
EndGlobal
